
Microsoft Visual Studio Solution File, Format Version 12.00
# Visual Studio Version 17
VisualStudioVersion = 17.5.33516.290
MinimumVisualStudioVersion = 10.0.40219.1
Project("{FAE04EC0-301F-11D3-BF4B-00C04F79EFBC}") = "T_4_L_13", "T_4_L_13\T_4_L_13.csproj", "{0B445F85-344F-435C-A511-311286A03046}"
EndProject
Global
	GlobalSection(SolutionConfigurationPlatforms) = preSolution
		Debug|Any CPU = Debug|Any CPU
		Release|Any CPU = Release|Any CPU
	EndGlobalSection
	GlobalSection(ProjectConfigurationPlatforms) = postSolution
		{0B445F85-344F-435C-A511-311286A03046}.Debug|Any CPU.ActiveCfg = Debug|Any CPU
		{0B445F85-344F-435C-A511-311286A03046}.Debug|Any CPU.Build.0 = Debug|Any CPU
		{0B445F85-344F-435C-A511-311286A03046}.Release|Any CPU.ActiveCfg = Release|Any CPU
		{0B445F85-344F-435C-A511-311286A03046}.Release|Any CPU.Build.0 = Release|Any CPU
	EndGlobalSection
	GlobalSection(SolutionProperties) = preSolution
		HideSolutionNode = FALSE
	EndGlobalSection
	GlobalSection(ExtensibilityGlobals) = postSolution
		SolutionGuid = {3E3215F7-08EE-410A-8EE3-85C7505DA6EB}
	EndGlobalSection
EndGlobal
